// !$*UTF8*$!
{
	archiveVersion = 1;
	classes = {
	};
	objectVersion = 46;
	objects = {

/* Begin PBXBuildFile section */
		FFCE34611D71F50C00CF2F69 /* AppDelegate.swift in Sources */ = {isa = PBXBuildFile; fileRef = FFCE34601D71F50C00CF2F69 /* AppDelegate.swift */; };
		FFCE34631D71F50C00CF2F69 /* ViewController.swift in Sources */ = {isa = PBXBuildFile; fileRef = FFCE34621D71F50C00CF2F69 /* ViewController.swift */; };
		FFCE34661D71F50C00CF2F69 /* Main.storyboard in Resources */ = {isa = PBXBuildFile; fileRef = FFCE34641D71F50C00CF2F69 /* Main.storyboard */; };
		FFCE34681D71F50C00CF2F69 /* Assets.xcassets in Resources */ = {isa = PBXBuildFile; fileRef = FFCE34671D71F50C00CF2F69 /* Assets.xcassets */; };
		FFCE346B1D71F50C00CF2F69 /* LaunchScreen.storyboard in Resources */ = {isa = PBXBuildFile; fileRef = FFCE34691D71F50C00CF2F69 /* LaunchScreen.storyboard */; };
/* End PBXBuildFile section */

/* Begin PBXFileReference section */
		FFCE345D1D71F50C00CF2F69 /* Quotes.app */ = {isa = PBXFileReference; explicitFileType = wrapper.application; includeInIndex = 0; path = Quotes.app; sourceTree = BUILT_PRODUCTS_DIR; };
		FFCE34601D71F50C00CF2F69 /* AppDelegate.swift */ = {isa = PBXFileReference; lastKnownFileType = sourcecode.swift; path = AppDelegate.swift; sourceTree = "<group>"; };
		FFCE34621D71F50C00CF2F69 /* ViewController.swift */ = {isa = PBXFileReference; lastKnownFileType = sourcecode.swift; path = ViewController.swift; sourceTree = "<group>"; };
		FFCE34651D71F50C00CF2F69 /* Base */ = {isa = PBXFileReference; lastKnownFileType = file.storyboard; name = Base; path = Base.lproj/Main.storyboard; sourceTree = "<group>"; };
		FFCE34671D71F50C00CF2F69 /* Assets.xcassets */ = {isa = PBXFileReference; lastKnownFileType = folder.assetcatalog; path = Assets.xcassets; sourceTree = "<group>"; };
		FFCE346A1D71F50C00CF2F69 /* Base */ = {isa = PBXFileReference; lastKnownFileType = file.storyboard; name = Base; path = Base.lproj/LaunchScreen.storyboard; sourceTree = "<group>"; };
		FFCE346C1D71F50C00CF2F69 /* Info.plist */ = {isa = PBXFileReference; lastKnownFileType = text.plist.xml; path = Info.plist; sourceTree = "<group>"; };
/* End PBXFileReference section */

/* Begin PBXFrameworksBuildPhase section */
		FFCE345A1D71F50C00CF2F69 /* Frameworks */ = {
			isa = PBXFrameworksBuildPhase;
			buildActionMask = 2147483647;
			files = (
			);
			runOnlyForDeploymentPostprocessing = 0;
		};
/* End PBXFrameworksBuildPhase section */

/* Begin PBXGroup section */
		FFCE34541D71F50C00CF2F69 = {
			isa = PBXGroup;
			children = (
				FFCE345F1D71F50C00CF2F69 /* Quotes */,
				FFCE345E1D71F50C00CF2F69 /* Products */,
			);
			sourceTree = "<group>";
		};
		FFCE345E1D71F50C00CF2F69 /* Products */ = {
			isa = PBXGroup;
			children = (
				FFCE345D1D71F50C00CF2F69 /* Quotes.app */,
			);
			name = Products;
			sourceTree = "<group>";
		};
		FFCE345F1D71F50C00CF2F69 /* Quotes */ = {
			isa = PBXGroup;
			children = (
				FFCE34601D71F50C00CF2F69 /* AppDelegate.swift */,
				FFCE34621D71F50C00CF2F69 /* ViewController.swift */,
				FFCE34641D71F50C00CF2F69 /* Main.storyboard */,
				FFCE34671D71F50C00CF2F69 /* Assets.xcassets */,
				FFCE34691D71F50C00CF2F69 /* LaunchScreen.storyboard */,
				FFCE346C1D71F50C00CF2F69 /* Info.plist */,
			);
			path = Quotes;
			sourceTree = "<group>";
		};
/* End PBXGroup section */

/* Begin PBXNativeTarget section */
		FFCE345C1D71F50C00CF2F69 /* Quotes */ = {
			isa = PBXNativeTarget;
			buildConfigurationList = FFCE346F1D71F50C00CF2F69 /* Build configuration list for PBXNativeTarget "Quotes" */;
			buildPhases = (
				FFCE34591D71F50C00CF2F69 /* Sources */,
				FFCE345A1D71F50C00CF2F69 /* Frameworks */,
				FFCE345B1D71F50C00CF2F69 /* Resources */,
			);
			buildRules = (
			);
			dependencies = (
			);
			name = Quotes;
			productName = Quotes;
			productReference = FFCE345D1D71F50C00CF2F69 /* Quotes.app */;
			productType = "com.apple.product-type.application";
		};
/* End PBXNativeTarget section */

/* Begin PBXProject section */
		FFCE34551D71F50C00CF2F69 /* Project object */ = {
			isa = PBXProject;
			attributes = {
				LastSwiftUpdateCheck = 0730;
				LastUpgradeCheck = 0730;
				ORGANIZATIONNAME = DavidVY;
				TargetAttributes = {
					FFCE345C1D71F50C00CF2F69 = {
						CreatedOnToolsVersion = 7.3.1;
					};
				};
			};
			buildConfigurationList = FFCE34581D71F50C00CF2F69 /* Build configuration list for PBXProject "Quotes" */;
			compatibilityVersion = "Xcode 3.2";
			developmentRegion = English;
			hasScannedForEncodings = 0;
			knownRegions = (
				en,
				Base,
			);
			mainGroup = FFCE34541D71F50C00CF2F69;
			productRefGroup = FFCE345E1D71F50C00CF2F69 /* Products */;
			projectDirPath = "";
			projectRoot = "";
			targets = (
				FFCE345C1D71F50C00CF2F69 /* Quotes */,
			);
		};
/* End PBXProject section */

/* Begin PBXResourcesBuildPhase section */
		FFCE345B1D71F50C00CF2F69 /* Resources */ = {
			isa = PBXResourcesBuildPhase;
			buildActionMask = 2147483647;
			files = (
				FFCE346B1D71F50C00CF2F69 /* LaunchScreen.storyboard in Resources */,
				FFCE34681D71F50C00CF2F69 /* Assets.xcassets in Resources */,
				FFCE34661D71F50C00CF2F69 /* Main.storyboard in Resources */,
			);
			runOnlyForDeploymentPostprocessing = 0;
		};
/* End PBXResourcesBuildPhase section */

/* Begin PBXSourcesBuildPhase section */
		FFCE34591D71F50C00CF2F69 /* Sources */ = {
			isa = PBXSourcesBuildPhase;
			buildActionMask = 2147483647;
			files = (
				FFCE34631D71F50C00CF2F69 /* ViewController.swift in Sources */,
				FFCE34611D71F50C00CF2F69 /* AppDelegate.swift in Sources */,
			);
			runOnlyForDeploymentPostprocessing = 0;
		};
/* End PBXSourcesBuildPhase section */

/* Begin PBXVariantGroup section */
		FFCE34641D71F50C00CF2F69 /* Main.storyboard */ = {
			isa = PBXVariantGroup;
			children = (
				FFCE34651D71F50C00CF2F69 /* Base */,
			);
			name = Main.storyboard;
			sourceTree = "<group>";
		};
		FFCE34691D71F50C00CF2F69 /* LaunchScreen.storyboard */ = {
			isa = PBXVariantGroup;
			children = (
				FFCE346A1D71F50C00CF2F69 /* Base */,
			);
			name = LaunchScreen.storyboard;
			sourceTree = "<group>";
		};
/* End PBXVariantGroup section */

/* Begin XCBuildConfiguration section */
		FFCE346D1D71F50C00CF2F69 /* Debug */ = {
			isa = XCBuildConfiguration;
			buildSettings = {
				ALWAYS_SEARCH_USER_PATHS = NO;
				CLANG_ANALYZER_NONNULL = YES;
				CLANG_CXX_LANGUAGE_STANDARD = "gnu++0x";
				CLANG_CXX_LIBRARY = "libc++";
				CLANG_ENABLE_MODULES = YES;
				CLANG_ENABLE_OBJC_ARC = YES;
				CLANG_WARN_BOOL_CONVERSION = YES;
				CLANG_WARN_CONSTANT_CONVERSION = YES;
				CLANG_WARN_DIRECT_OBJC_ISA_USAGE = YES_ERROR;
				CLANG_WARN_EMPTY_BODY = YES;
				CLANG_WARN_ENUM_CONVERSION = YES;
				CLANG_WARN_INT_CONVERSION = YES;
				CLANG_WARN_OBJC_ROOT_CLASS = YES_ERROR;
				CLANG_WARN_UNREACHABLE_CODE = YES;
				CLANG_WARN__DUPLICATE_METHOD_MATCH = YES;
				"CODE_SIGN_IDENTITY[sdk=iphoneos*]" = "iPhone Developer";
				COPY_PHASE_STRIP = NO;
				DEBUG_INFORMATION_FORMAT = dwarf;
				ENABLE_STRICT_OBJC_MSGSEND = YES;
				ENABLE_TESTABILITY = YES;
				GCC_C_LANGUAGE_STANDARD = gnu99;
				GCC_DYNAMIC_NO_PIC = NO;
				GCC_NO_COMMON_BLOCKS = YES;
				GCC_OPTIMIZATION_LEVEL = 0;
				GCC_PREPROCESSOR_DEFINITIONS = (
					"DEBUG=1",
					"$(inherited)",
				);
				GCC_WARN_64_TO_32_BIT_CONVERSION = YES;
				GCC_WARN_ABOUT_RETURN_TYPE = YES_ERROR;
				GCC_WARN_UNDECLARED_SELECTOR = YES;
				GCC_WARN_UNINITIALIZED_AUTOS = YES_AGGRESSIVE;
				GCC_WARN_UNUSED_FUNCTION = YES;
				GCC_WARN_UNUSED_VARIABLE = YES;
				IPHONEOS_DEPLOYMENT_TARGET = 9.3;
				MTL_ENABLE_DEBUG_INFO = YES;
				ONLY_ACTIVE_ARCH = YES;
				SDKROOT = iphoneos;
				SWIFT_OPTIMIZATION_LEVEL = "-Onone";
				TARGETED_DEVICE_FAMILY = "1,2";
			};
			name = Debug;
		};
		FFCE346E1D71F50C00CF2F69 /* Release */ = {
			isa = XCBuildConfiguration;
			buildSettings = {
				ALWAYS_SEARCH_USER_PATHS = NO;
				CLANG_ANALYZER_NONNULL = YES;
				CLANG_CXX_LANGUAGE_STANDARD = "gnu++0x";
				CLANG_CXX_LIBRARY = "libc++";
				CLANG_ENABLE_MODULES = YES;
				CLANG_ENABLE_OBJC_ARC = YES;
				CLANG_WARN_BOOL_CONVERSION = YES;
				CLANG_WARN_CONSTANT_CONVERSION = YES;
				CLANG_WARN_DIRECT_OBJC_ISA_USAGE = YES_ERROR;
				CLANG_WARN_EMPTY_BODY = YES;
				CLANG_WARN_ENUM_CONVERSION = YES;
				CLANG_WARN_INT_CONVERSION = YES;
				CLANG_WARN_OBJC_ROOT_CLASS = YES_ERROR;
				CLANG_WARN_UNREACHABLE_CODE = YES;
				CLANG_WARN__DUPLICATE_METHOD_MATCH = YES;
				"CODE_SIGN_IDENTITY[sdk=iphoneos*]" = "iPhone Developer";
				COPY_PHASE_STRIP = NO;
				DEBUG_INFORMATION_FORMAT = "dwarf-with-dsym";
				ENABLE_NS_ASSERTIONS = NO;
				ENABLE_STRICT_OBJC_MSGSEND = YES;
				GCC_C_LANGUAGE_STANDARD = gnu99;
				GCC_NO_COMMON_BLOCKS = YES;
				GCC_WARN_64_TO_32_BIT_CONVERSION = YES;
				GCC_WARN_ABOUT_RETURN_TYPE = YES_ERROR;
				GCC_WARN_UNDECLARED_SELECTOR = YES;
				GCC_WARN_UNINITIALIZED_AUTOS = YES_AGGRESSIVE;
				GCC_WARN_UNUSED_FUNCTION = YES;
				GCC_WARN_UNUSED_VARIABLE = YES;
				IPHONEOS_DEPLOYMENT_TARGET = 9.3;
				MTL_ENABLE_DEBUG_INFO = NO;
				SDKROOT = iphoneos;
				TARGETED_DEVICE_FAMILY = "1,2";
				VALIDATE_PRODUCT = YES;
			};
			name = Release;
		};
		FFCE34701D71F50C00CF2F69 /* Debug */ = {
			isa = XCBuildConfiguration;
			buildSettings = {
				ASSETCATALOG_COMPILER_APPICON_NAME = AppIcon;
				INFOPLIST_FILE = Quotes/Info.plist;
				LD_RUNPATH_SEARCH_PATHS = "$(inherited) @executable_path/Frameworks";
				PRODUCT_BUNDLE_IDENTIFIER = DavidVY.Quotes;
				PRODUCT_NAME = "$(TARGET_NAME)";
			};
			name = Debug;
		};
		FFCE34711D71F50C00CF2F69 /* Release */ = {
			isa = XCBuildConfiguration;
			buildSettings = {
				ASSETCATALOG_COMPILER_APPICON_NAME = AppIcon;
				INFOPLIST_FILE = Quotes/Info.plist;
				LD_RUNPATH_SEARCH_PATHS = "$(inherited) @executable_path/Frameworks";
				PRODUCT_BUNDLE_IDENTIFIER = DavidVY.Quotes;
				PRODUCT_NAME = "$(TARGET_NAME)";
			};
			name = Release;
		};
/* End XCBuildConfiguration section */

/* Begin XCConfigurationList section */
		FFCE34581D71F50C00CF2F69 /* Build configuration list for PBXProject "Quotes" */ = {
			isa = XCConfigurationList;
			buildConfigurations = (
				FFCE346D1D71F50C00CF2F69 /* Debug */,
				FFCE346E1D71F50C00CF2F69 /* Release */,
			);
			defaultConfigurationIsVisible = 0;
			defaultConfigurationName = Release;
		};
		FFCE346F1D71F50C00CF2F69 /* Build configuration list for PBXNativeTarget "Quotes" */ = {
			isa = XCConfigurationList;
			buildConfigurations = (
				FFCE34701D71F50C00CF2F69 /* Debug */,
				FFCE34711D71F50C00CF2F69 /* Release */,
			);
			defaultConfigurationIsVisible = 0;
		};
/* End XCConfigurationList section */
	};
	rootObject = FFCE34551D71F50C00CF2F69 /* Project object */;
}
